
Microsoft Visual Studio Solution File, Format Version 12.00
# Visual Studio Version 16
VisualStudioVersion = 16.0.30011.22
MinimumVisualStudioVersion = 10.0.40219.1
Project("{9A19103F-16F7-4668-BE54-9A1E7A4F7556}") = "TVShowCast.Core", "TVShowCast.Core\TVShowCast.Core.csproj", "{9CF4AD40-E0E9-4247-B05B-BFD4DB2F1631}"
EndProject
Project("{9A19103F-16F7-4668-BE54-9A1E7A4F7556}") = "TVShowCast.Infrastructure", "TVShowCast.Infrastructure\TVShowCast.Infrastructure.csproj", "{848C4553-340A-4BAC-9CCD-E6110081548F}"
EndProject
Project("{9A19103F-16F7-4668-BE54-9A1E7A4F7556}") = "TVShowCast.Presentation", "TVShowCast.Presentation\TVShowCast.Presentation.csproj", "{245C2287-6F88-4119-8105-0AB026F0B333}"
EndProject
Project("{9A19103F-16F7-4668-BE54-9A1E7A4F7556}") = "TVShowCast.Tests", "TVShowCast.Tests\TVShowCast.Tests.csproj", "{6A851DBB-EF3B-44D7-86A9-17971A3FBB03}"
EndProject
Global
	GlobalSection(SolutionConfigurationPlatforms) = preSolution
		Debug|Any CPU = Debug|Any CPU
		Release|Any CPU = Release|Any CPU
	EndGlobalSection
	GlobalSection(ProjectConfigurationPlatforms) = postSolution
		{9CF4AD40-E0E9-4247-B05B-BFD4DB2F1631}.Debug|Any CPU.ActiveCfg = Debug|Any CPU
		{9CF4AD40-E0E9-4247-B05B-BFD4DB2F1631}.Debug|Any CPU.Build.0 = Debug|Any CPU
		{9CF4AD40-E0E9-4247-B05B-BFD4DB2F1631}.Release|Any CPU.ActiveCfg = Release|Any CPU
		{9CF4AD40-E0E9-4247-B05B-BFD4DB2F1631}.Release|Any CPU.Build.0 = Release|Any CPU
		{848C4553-340A-4BAC-9CCD-E6110081548F}.Debug|Any CPU.ActiveCfg = Debug|Any CPU
		{848C4553-340A-4BAC-9CCD-E6110081548F}.Debug|Any CPU.Build.0 = Debug|Any CPU
		{848C4553-340A-4BAC-9CCD-E6110081548F}.Release|Any CPU.ActiveCfg = Release|Any CPU
		{848C4553-340A-4BAC-9CCD-E6110081548F}.Release|Any CPU.Build.0 = Release|Any CPU
		{245C2287-6F88-4119-8105-0AB026F0B333}.Debug|Any CPU.ActiveCfg = Debug|Any CPU
		{245C2287-6F88-4119-8105-0AB026F0B333}.Debug|Any CPU.Build.0 = Debug|Any CPU
		{245C2287-6F88-4119-8105-0AB026F0B333}.Release|Any CPU.ActiveCfg = Release|Any CPU
		{245C2287-6F88-4119-8105-0AB026F0B333}.Release|Any CPU.Build.0 = Release|Any CPU
		{6A851DBB-EF3B-44D7-86A9-17971A3FBB03}.Debug|Any CPU.ActiveCfg = Debug|Any CPU
		{6A851DBB-EF3B-44D7-86A9-17971A3FBB03}.Debug|Any CPU.Build.0 = Debug|Any CPU
		{6A851DBB-EF3B-44D7-86A9-17971A3FBB03}.Release|Any CPU.ActiveCfg = Release|Any CPU
		{6A851DBB-EF3B-44D7-86A9-17971A3FBB03}.Release|Any CPU.Build.0 = Release|Any CPU
	EndGlobalSection
	GlobalSection(SolutionProperties) = preSolution
		HideSolutionNode = FALSE
	EndGlobalSection
	GlobalSection(ExtensibilityGlobals) = postSolution
		SolutionGuid = {735E8457-DCA1-4DA2-A432-3F6F71DD7A7F}
	EndGlobalSection
EndGlobal
